
Microsoft Visual Studio Solution File, Format Version 12.00
# Visual Studio 2012
Project("{FAE04EC0-301F-11D3-BF4B-00C04F79EFBC}") = "Issues", "Issues\Issues.csproj", "{DC5DC531-730A-45CC-8AC7-CBB464C8370F}"
EndProject
Project("{FAE04EC0-301F-11D3-BF4B-00C04F79EFBC}") = "Issues.iOS", "iOS\Issues.iOS.csproj", "{A923608C-056B-459F-A74A-FFC2770525A2}"
EndProject
Project("{FAE04EC0-301F-11D3-BF4B-00C04F79EFBC}") = "Issues.Droid", "Droid\Issues.Droid.csproj", "{5D417856-22B7-4EC0-9F04-98DB30CD0439}"
EndProject
Project("{FAE04EC0-301F-11D3-BF4B-00C04F79EFBC}") = "Issues.UITests", "UITests\Issues.UITests.csproj", "{5CEA424E-62F0-4195-8D6D-C0CB3880308F}"
EndProject
Global
	GlobalSection(SolutionConfigurationPlatforms) = preSolution
		Debug|Any CPU = Debug|Any CPU
		Release|Any CPU = Release|Any CPU
		Debug|iPhoneSimulator = Debug|iPhoneSimulator
		Release|iPhone = Release|iPhone
		Release|iPhoneSimulator = Release|iPhoneSimulator
		Debug|iPhone = Debug|iPhone
	EndGlobalSection
	GlobalSection(ProjectConfigurationPlatforms) = postSolution
		{5CEA424E-62F0-4195-8D6D-C0CB3880308F}.Debug|Any CPU.ActiveCfg = Debug|Any CPU
		{5CEA424E-62F0-4195-8D6D-C0CB3880308F}.Debug|Any CPU.Build.0 = Debug|Any CPU
		{5CEA424E-62F0-4195-8D6D-C0CB3880308F}.Debug|iPhone.ActiveCfg = Debug|Any CPU
		{5CEA424E-62F0-4195-8D6D-C0CB3880308F}.Debug|iPhone.Build.0 = Debug|Any CPU
		{5CEA424E-62F0-4195-8D6D-C0CB3880308F}.Debug|iPhoneSimulator.ActiveCfg = Debug|Any CPU
		{5CEA424E-62F0-4195-8D6D-C0CB3880308F}.Debug|iPhoneSimulator.Build.0 = Debug|Any CPU
		{5CEA424E-62F0-4195-8D6D-C0CB3880308F}.Release|Any CPU.ActiveCfg = Release|Any CPU
		{5CEA424E-62F0-4195-8D6D-C0CB3880308F}.Release|Any CPU.Build.0 = Release|Any CPU
		{5CEA424E-62F0-4195-8D6D-C0CB3880308F}.Release|iPhone.ActiveCfg = Release|Any CPU
		{5CEA424E-62F0-4195-8D6D-C0CB3880308F}.Release|iPhone.Build.0 = Release|Any CPU
		{5CEA424E-62F0-4195-8D6D-C0CB3880308F}.Release|iPhoneSimulator.ActiveCfg = Release|Any CPU
		{5CEA424E-62F0-4195-8D6D-C0CB3880308F}.Release|iPhoneSimulator.Build.0 = Release|Any CPU
		{5D417856-22B7-4EC0-9F04-98DB30CD0439}.Debug|Any CPU.ActiveCfg = Debug|Any CPU
		{5D417856-22B7-4EC0-9F04-98DB30CD0439}.Debug|Any CPU.Build.0 = Debug|Any CPU
		{5D417856-22B7-4EC0-9F04-98DB30CD0439}.Debug|iPhone.ActiveCfg = Debug|Any CPU
		{5D417856-22B7-4EC0-9F04-98DB30CD0439}.Debug|iPhone.Build.0 = Debug|Any CPU
		{5D417856-22B7-4EC0-9F04-98DB30CD0439}.Debug|iPhoneSimulator.ActiveCfg = Debug|Any CPU
		{5D417856-22B7-4EC0-9F04-98DB30CD0439}.Debug|iPhoneSimulator.Build.0 = Debug|Any CPU
		{5D417856-22B7-4EC0-9F04-98DB30CD0439}.Release|Any CPU.ActiveCfg = Release|Any CPU
		{5D417856-22B7-4EC0-9F04-98DB30CD0439}.Release|Any CPU.Build.0 = Release|Any CPU
		{5D417856-22B7-4EC0-9F04-98DB30CD0439}.Release|iPhone.ActiveCfg = Release|Any CPU
		{5D417856-22B7-4EC0-9F04-98DB30CD0439}.Release|iPhone.Build.0 = Release|Any CPU
		{5D417856-22B7-4EC0-9F04-98DB30CD0439}.Release|iPhoneSimulator.ActiveCfg = Release|Any CPU
		{5D417856-22B7-4EC0-9F04-98DB30CD0439}.Release|iPhoneSimulator.Build.0 = Release|Any CPU
		{A923608C-056B-459F-A74A-FFC2770525A2}.Debug|Any CPU.ActiveCfg = Debug|iPhoneSimulator
		{A923608C-056B-459F-A74A-FFC2770525A2}.Debug|Any CPU.Build.0 = Debug|iPhoneSimulator
		{A923608C-056B-459F-A74A-FFC2770525A2}.Debug|iPhone.ActiveCfg = Debug|iPhone
		{A923608C-056B-459F-A74A-FFC2770525A2}.Debug|iPhone.Build.0 = Debug|iPhone
		{A923608C-056B-459F-A74A-FFC2770525A2}.Debug|iPhoneSimulator.ActiveCfg = Debug|iPhoneSimulator
		{A923608C-056B-459F-A74A-FFC2770525A2}.Debug|iPhoneSimulator.Build.0 = Debug|iPhoneSimulator
		{A923608C-056B-459F-A74A-FFC2770525A2}.Release|Any CPU.ActiveCfg = Release|iPhone
		{A923608C-056B-459F-A74A-FFC2770525A2}.Release|Any CPU.Build.0 = Release|iPhone
		{A923608C-056B-459F-A74A-FFC2770525A2}.Release|iPhone.ActiveCfg = Release|iPhone
		{A923608C-056B-459F-A74A-FFC2770525A2}.Release|iPhone.Build.0 = Release|iPhone
		{A923608C-056B-459F-A74A-FFC2770525A2}.Release|iPhoneSimulator.ActiveCfg = Release|iPhoneSimulator
		{A923608C-056B-459F-A74A-FFC2770525A2}.Release|iPhoneSimulator.Build.0 = Release|iPhoneSimulator
		{DC5DC531-730A-45CC-8AC7-CBB464C8370F}.Debug|Any CPU.ActiveCfg = Debug|Any CPU
		{DC5DC531-730A-45CC-8AC7-CBB464C8370F}.Debug|Any CPU.Build.0 = Debug|Any CPU
		{DC5DC531-730A-45CC-8AC7-CBB464C8370F}.Debug|iPhone.ActiveCfg = Debug|Any CPU
		{DC5DC531-730A-45CC-8AC7-CBB464C8370F}.Debug|iPhone.Build.0 = Debug|Any CPU
		{DC5DC531-730A-45CC-8AC7-CBB464C8370F}.Debug|iPhoneSimulator.ActiveCfg = Debug|Any CPU
		{DC5DC531-730A-45CC-8AC7-CBB464C8370F}.Debug|iPhoneSimulator.Build.0 = Debug|Any CPU
		{DC5DC531-730A-45CC-8AC7-CBB464C8370F}.Release|Any CPU.ActiveCfg = Release|Any CPU
		{DC5DC531-730A-45CC-8AC7-CBB464C8370F}.Release|Any CPU.Build.0 = Release|Any CPU
		{DC5DC531-730A-45CC-8AC7-CBB464C8370F}.Release|iPhone.ActiveCfg = Release|Any CPU
		{DC5DC531-730A-45CC-8AC7-CBB464C8370F}.Release|iPhone.Build.0 = Release|Any CPU
		{DC5DC531-730A-45CC-8AC7-CBB464C8370F}.Release|iPhoneSimulator.ActiveCfg = Release|Any CPU
		{DC5DC531-730A-45CC-8AC7-CBB464C8370F}.Release|iPhoneSimulator.Build.0 = Release|Any CPU
	EndGlobalSection
EndGlobal
